
Microsoft Visual Studio Solution File, Format Version 12.00
# Visual Studio Version 17
VisualStudioVersion = 17.6.33723.286
MinimumVisualStudioVersion = 10.0.40219.1
Project("{FAE04EC0-301F-11D3-BF4B-00C04F79EFBC}") = "RandomSentenceGenerator", "RandomSentenceGenerator\RandomSentenceGenerator.csproj", "{6557BCAE-21BD-477A-9EA1-FBD5A262CA2C}"
EndProject
Project("{FAE04EC0-301F-11D3-BF4B-00C04F79EFBC}") = "V2", "V2\V2.csproj", "{6616BDCD-6B6C-4274-84B2-0D8FAA83C54E}"
EndProject
Global
	GlobalSection(SolutionConfigurationPlatforms) = preSolution
		Debug|Any CPU = Debug|Any CPU
		Release|Any CPU = Release|Any CPU
	EndGlobalSection
	GlobalSection(ProjectConfigurationPlatforms) = postSolution
		{6557BCAE-21BD-477A-9EA1-FBD5A262CA2C}.Debug|Any CPU.ActiveCfg = Debug|Any CPU
		{6557BCAE-21BD-477A-9EA1-FBD5A262CA2C}.Debug|Any CPU.Build.0 = Debug|Any CPU
		{6557BCAE-21BD-477A-9EA1-FBD5A262CA2C}.Release|Any CPU.ActiveCfg = Release|Any CPU
		{6557BCAE-21BD-477A-9EA1-FBD5A262CA2C}.Release|Any CPU.Build.0 = Release|Any CPU
		{6616BDCD-6B6C-4274-84B2-0D8FAA83C54E}.Debug|Any CPU.ActiveCfg = Debug|Any CPU
		{6616BDCD-6B6C-4274-84B2-0D8FAA83C54E}.Debug|Any CPU.Build.0 = Debug|Any CPU
		{6616BDCD-6B6C-4274-84B2-0D8FAA83C54E}.Release|Any CPU.ActiveCfg = Release|Any CPU
		{6616BDCD-6B6C-4274-84B2-0D8FAA83C54E}.Release|Any CPU.Build.0 = Release|Any CPU
	EndGlobalSection
	GlobalSection(SolutionProperties) = preSolution
		HideSolutionNode = FALSE
	EndGlobalSection
	GlobalSection(ExtensibilityGlobals) = postSolution
		SolutionGuid = {92BD97A9-E0A0-4DDE-952B-9782488D8F56}
	EndGlobalSection
EndGlobal
